
Microsoft Visual Studio Solution File, Format Version 12.00
Project("{FAE04EC0-301F-11D3-BF4B-00C04F79EFBC}") = "EIP", "EIP\EIP.csproj", "{241A423B-EF95-4BEB-B8EF-782F08E8E8C3}"
EndProject
Project("{FAE04EC0-301F-11D3-BF4B-00C04F79EFBC}") = "EIP.Tests", "EIP.Tests\EIP.Tests.csproj", "{73C5305A-909D-4B33-B7D0-152BB96D30AA}"
EndProject
Global
	GlobalSection(SolutionConfigurationPlatforms) = preSolution
		Debug|Any CPU = Debug|Any CPU
		Release|Any CPU = Release|Any CPU
	EndGlobalSection
	GlobalSection(ProjectConfigurationPlatforms) = postSolution
		{241A423B-EF95-4BEB-B8EF-782F08E8E8C3}.Debug|Any CPU.ActiveCfg = Debug|Any CPU
		{241A423B-EF95-4BEB-B8EF-782F08E8E8C3}.Debug|Any CPU.Build.0 = Debug|Any CPU
		{241A423B-EF95-4BEB-B8EF-782F08E8E8C3}.Release|Any CPU.ActiveCfg = Release|Any CPU
		{241A423B-EF95-4BEB-B8EF-782F08E8E8C3}.Release|Any CPU.Build.0 = Release|Any CPU
		{73C5305A-909D-4B33-B7D0-152BB96D30AA}.Debug|Any CPU.ActiveCfg = Debug|Any CPU
		{73C5305A-909D-4B33-B7D0-152BB96D30AA}.Debug|Any CPU.Build.0 = Debug|Any CPU
		{73C5305A-909D-4B33-B7D0-152BB96D30AA}.Release|Any CPU.ActiveCfg = Release|Any CPU
		{73C5305A-909D-4B33-B7D0-152BB96D30AA}.Release|Any CPU.Build.0 = Release|Any CPU
	EndGlobalSection
EndGlobal
